
Microsoft Visual Studio Solution File, Format Version 12.00
# Visual Studio 15
VisualStudioVersion = 15.0.28307.1062
MinimumVisualStudioVersion = 10.0.40219.1
Project("{888888A0-9F3D-457C-B088-3A5042F75D52}") = "PythonGit1", "PythonGit1\PythonGit1.pyproj", "{B7FD853D-15F5-4F5B-B2E0-9FF8F4168247}"
EndProject
Global
	GlobalSection(SolutionConfigurationPlatforms) = preSolution
		Debug|Any CPU = Debug|Any CPU
		Release|Any CPU = Release|Any CPU
	EndGlobalSection
	GlobalSection(ProjectConfigurationPlatforms) = postSolution
		{B7FD853D-15F5-4F5B-B2E0-9FF8F4168247}.Debug|Any CPU.ActiveCfg = Debug|Any CPU
		{B7FD853D-15F5-4F5B-B2E0-9FF8F4168247}.Release|Any CPU.ActiveCfg = Release|Any CPU
	EndGlobalSection
	GlobalSection(SolutionProperties) = preSolution
		HideSolutionNode = FALSE
	EndGlobalSection
	GlobalSection(ExtensibilityGlobals) = postSolution
		SolutionGuid = {A9EA334D-E7BA-4413-A6BC-DD16B3607464}
	EndGlobalSection
EndGlobal
